
Microsoft Visual Studio Solution File, Format Version 12.00
# Visual Studio Version 17
VisualStudioVersion = 17.14.36301.6
MinimumVisualStudioVersion = 10.0.40219.1
Project("{FAE04EC0-301F-11D3-BF4B-00C04F79EFBC}") = "TerathonPortGenerator", "TerathonPortGenerator\TerathonPortGenerator.csproj", "{B21FA4AF-0FE3-404C-B913-72D4D9CBBB60}"
EndProject
Project("{FAE04EC0-301F-11D3-BF4B-00C04F79EFBC}") = "TerathonPortGenerator.Tests", "TerathonPortGenerator.Tests\TerathonPortGenerator.Tests.csproj", "{68F4CB14-E091-45F5-9AD9-522ED52D4C0E}"
EndProject
Project("{2150E333-8FDC-42A3-9474-1A3956D46DE8}") = "Terathon-Math-Library", "Terathon-Math-Library", "{8EC462FD-D22E-90A8-E5CE-7E832BA40C5D}"
	ProjectSection(SolutionItems) = preProject
		Terathon-Math-Library\TSAlgebra.h = Terathon-Math-Library\TSAlgebra.h
		Terathon-Math-Library\TSBivector3D.cpp = Terathon-Math-Library\TSBivector3D.cpp
		Terathon-Math-Library\TSBivector3D.h = Terathon-Math-Library\TSBivector3D.h
		Terathon-Math-Library\TSConformal2D.cpp = Terathon-Math-Library\TSConformal2D.cpp
		Terathon-Math-Library\TSConformal2D.h = Terathon-Math-Library\TSConformal2D.h
		Terathon-Math-Library\TSConformal3D.cpp = Terathon-Math-Library\TSConformal3D.cpp
		Terathon-Math-Library\TSConformal3D.h = Terathon-Math-Library\TSConformal3D.h
		Terathon-Math-Library\TSDualNum.h = Terathon-Math-Library\TSDualNum.h
		Terathon-Math-Library\TSFlector2D.cpp = Terathon-Math-Library\TSFlector2D.cpp
		Terathon-Math-Library\TSFlector2D.h = Terathon-Math-Library\TSFlector2D.h
		Terathon-Math-Library\TSFlector3D.cpp = Terathon-Math-Library\TSFlector3D.cpp
		Terathon-Math-Library\TSFlector3D.h = Terathon-Math-Library\TSFlector3D.h
		Terathon-Math-Library\TSMath.cpp = Terathon-Math-Library\TSMath.cpp
		Terathon-Math-Library\TSMath.h = Terathon-Math-Library\TSMath.h
		Terathon-Math-Library\TSMatrix2D.cpp = Terathon-Math-Library\TSMatrix2D.cpp
		Terathon-Math-Library\TSMatrix2D.h = Terathon-Math-Library\TSMatrix2D.h
		Terathon-Math-Library\TSMatrix3D.cpp = Terathon-Math-Library\TSMatrix3D.cpp
		Terathon-Math-Library\TSMatrix3D.h = Terathon-Math-Library\TSMatrix3D.h
		Terathon-Math-Library\TSMatrix4D.cpp = Terathon-Math-Library\TSMatrix4D.cpp
		Terathon-Math-Library\TSMatrix4D.h = Terathon-Math-Library\TSMatrix4D.h
		Terathon-Math-Library\TSMotor2D.cpp = Terathon-Math-Library\TSMotor2D.cpp
		Terathon-Math-Library\TSMotor2D.h = Terathon-Math-Library\TSMotor2D.h
		Terathon-Math-Library\TSMotor3D.cpp = Terathon-Math-Library\TSMotor3D.cpp
		Terathon-Math-Library\TSMotor3D.h = Terathon-Math-Library\TSMotor3D.h
		Terathon-Math-Library\TSPlatform.h = Terathon-Math-Library\TSPlatform.h
		Terathon-Math-Library\TSQuaternion.cpp = Terathon-Math-Library\TSQuaternion.cpp
		Terathon-Math-Library\TSQuaternion.h = Terathon-Math-Library\TSQuaternion.h
		Terathon-Math-Library\TSRigid2D.cpp = Terathon-Math-Library\TSRigid2D.cpp
		Terathon-Math-Library\TSRigid2D.h = Terathon-Math-Library\TSRigid2D.h
		Terathon-Math-Library\TSRigid3D.cpp = Terathon-Math-Library\TSRigid3D.cpp
		Terathon-Math-Library\TSRigid3D.h = Terathon-Math-Library\TSRigid3D.h
		Terathon-Math-Library\TSSimd.h = Terathon-Math-Library\TSSimd.h
		Terathon-Math-Library\TSVector2D.cpp = Terathon-Math-Library\TSVector2D.cpp
		Terathon-Math-Library\TSVector2D.h = Terathon-Math-Library\TSVector2D.h
		Terathon-Math-Library\TSVector3D.cpp = Terathon-Math-Library\TSVector3D.cpp
		Terathon-Math-Library\TSVector3D.h = Terathon-Math-Library\TSVector3D.h
		Terathon-Math-Library\TSVector4D.cpp = Terathon-Math-Library\TSVector4D.cpp
		Terathon-Math-Library\TSVector4D.h = Terathon-Math-Library\TSVector4D.h
	EndProjectSection
EndProject
Project("{FAE04EC0-301F-11D3-BF4B-00C04F79EFBC}") = "Terathon-Math-Library-CSharp.Tests", "Terathon-Math-Library-CSharp.Tests\Terathon-Math-Library-CSharp.Tests.csproj", "{A7A2C62E-1CE4-4A7C-8E39-FA36504DB19C}"
EndProject
Global
	GlobalSection(SolutionConfigurationPlatforms) = preSolution
		Debug|Any CPU = Debug|Any CPU
		Release|Any CPU = Release|Any CPU
	EndGlobalSection
	GlobalSection(ProjectConfigurationPlatforms) = postSolution
		{B21FA4AF-0FE3-404C-B913-72D4D9CBBB60}.Debug|Any CPU.ActiveCfg = Debug|Any CPU
		{B21FA4AF-0FE3-404C-B913-72D4D9CBBB60}.Debug|Any CPU.Build.0 = Debug|Any CPU
		{B21FA4AF-0FE3-404C-B913-72D4D9CBBB60}.Release|Any CPU.ActiveCfg = Release|Any CPU
               {B21FA4AF-0FE3-404C-B913-72D4D9CBBB60}.Release|Any CPU.Build.0 = Release|Any CPU
                {68F4CB14-E091-45F5-9AD9-522ED52D4C0E}.Debug|Any CPU.ActiveCfg = Debug|Any CPU
                {68F4CB14-E091-45F5-9AD9-522ED52D4C0E}.Debug|Any CPU.Build.0 = Debug|Any CPU
               {68F4CB14-E091-45F5-9AD9-522ED52D4C0E}.Release|Any CPU.ActiveCfg = Release|Any CPU
               {68F4CB14-E091-45F5-9AD9-522ED52D4C0E}.Release|Any CPU.Build.0 = Release|Any CPU
               {A7A2C62E-1CE4-4A7C-8E39-FA36504DB19C}.Debug|Any CPU.ActiveCfg = Debug|Any CPU
               {A7A2C62E-1CE4-4A7C-8E39-FA36504DB19C}.Debug|Any CPU.Build.0 = Debug|Any CPU
               {A7A2C62E-1CE4-4A7C-8E39-FA36504DB19C}.Release|Any CPU.ActiveCfg = Release|Any CPU
               {A7A2C62E-1CE4-4A7C-8E39-FA36504DB19C}.Release|Any CPU.Build.0 = Release|Any CPU
        EndGlobalSection
	GlobalSection(SolutionProperties) = preSolution
		HideSolutionNode = FALSE
	EndGlobalSection
	GlobalSection(ExtensibilityGlobals) = postSolution
		SolutionGuid = {A5E8BE6A-1E89-4A3F-B7D5-7672E4D5D621}
	EndGlobalSection
EndGlobal
